
Microsoft Visual Studio Solution File, Format Version 12.00
# Visual Studio Version 17
VisualStudioVersion = 17.7.34009.444
MinimumVisualStudioVersion = 10.0.40219.1
Project("{9A19103F-16F7-4668-BE54-9A1E7A4F7556}") = "CC labb", "CC labb\CC labb.csproj", "{FBEA8512-B493-458B-A7A0-01BEE71C22A0}"
EndProject
Project("{FAE04EC0-301F-11D3-BF4B-00C04F79EFBC}") = "TestProject1", "TestProject1\TestProject1.csproj", "{35328DB7-F6A0-41F3-8C39-AB1908797B34}"
EndProject
Global
	GlobalSection(SolutionConfigurationPlatforms) = preSolution
		Debug|Any CPU = Debug|Any CPU
		Release|Any CPU = Release|Any CPU
	EndGlobalSection
	GlobalSection(ProjectConfigurationPlatforms) = postSolution
		{FBEA8512-B493-458B-A7A0-01BEE71C22A0}.Debug|Any CPU.ActiveCfg = Debug|Any CPU
		{FBEA8512-B493-458B-A7A0-01BEE71C22A0}.Debug|Any CPU.Build.0 = Debug|Any CPU
		{FBEA8512-B493-458B-A7A0-01BEE71C22A0}.Release|Any CPU.ActiveCfg = Release|Any CPU
		{FBEA8512-B493-458B-A7A0-01BEE71C22A0}.Release|Any CPU.Build.0 = Release|Any CPU
		{35328DB7-F6A0-41F3-8C39-AB1908797B34}.Debug|Any CPU.ActiveCfg = Debug|Any CPU
		{35328DB7-F6A0-41F3-8C39-AB1908797B34}.Debug|Any CPU.Build.0 = Debug|Any CPU
		{35328DB7-F6A0-41F3-8C39-AB1908797B34}.Release|Any CPU.ActiveCfg = Release|Any CPU
		{35328DB7-F6A0-41F3-8C39-AB1908797B34}.Release|Any CPU.Build.0 = Release|Any CPU
	EndGlobalSection
	GlobalSection(SolutionProperties) = preSolution
		HideSolutionNode = FALSE
	EndGlobalSection
	GlobalSection(ExtensibilityGlobals) = postSolution
		SolutionGuid = {BBBB62E2-DE75-48BE-9018-227E1B35CAB0}
	EndGlobalSection
EndGlobal
